<?xml version="1.0" encoding="utf-8"?>
<Project ToolsVersion="4.0" xmlns="http://schemas.microsoft.com/developer/msbuild/2003">
  <ItemGroup>
    <Filter Include="Source Files">
      <UniqueIdentifier>{4FC737F1-C7A5-4376-A066-2A32D752A2FF}</UniqueIdentifier>
      <Extensions>cpp;c;cc;cxx;def;odl;idl;hpj;bat;asm;asmx</Extensions>
    </Filter>
    <Filter Include="Resource Files">
      <UniqueIdentifier>{67DA6AB6-F800-4c08-8B7A-83BB121AAD01}</UniqueIdentifier>
      <Extensions>rc;ico;cur;bmp;dlg;rc2;rct;bin;rgs;gif;jpg;jpeg;jpe;resx;tiff;tif;png;wav;mfcribbon-ms</Extensions>
    </Filter>
  </ItemGroup>
  <ItemGroup>
    <ClCompile Include="..\code\activity_monitor.cpp">
      <Filter>Source Files</Filter>
    </ClCompile>
    <ClCompile Include="..\code\beforepause_wnd.cpp">
      <Filter>Source Files</Filter>
    </ClCompile>
    <ClCompile Include="..\code\bigpause_wnd.cpp">
      <Filter>Source Files</Filter>
    </ClCompile>
    <ClCompile Include="..\code\DataLog.cpp">
      <Filter>Source Files</Filter>
    </ClCompile>
    <ClCompile Include="..\code\debug_wnd.cpp">
      <Filter>Source Files</Filter>
    </ClCompile>
    <ClCompile Include="..\code\excercises.cpp">
      <Filter>Source Files</Filter>
    </ClCompile>
    <ClCompile Include="..\code\language_set.cpp">
      <Filter>Source Files</Filter>
    </ClCompile>
    <ClCompile Include="..\code\main.cpp">
      <Filter>Source Files</Filter>
    </ClCompile>
    <ClCompile Include="..\code\minipause_wnd.cpp">
      <Filter>Source Files</Filter>
    </ClCompile>
    <ClCompile Include="..\code\notification_wnd.cpp">
      <Filter>Source Files</Filter>
    </ClCompile>
    <ClCompile Include="..\code\oscapabilities.cpp">
      <Filter>Source Files</Filter>
    </ClCompile>
    <ClCompile Include="..\code\settings.cpp">
      <Filter>Source Files</Filter>
    </ClCompile>
    <ClCompile Include="..\code\settings_wnd.cpp">
      <Filter>Source Files</Filter>
    </ClCompile>
    <ClCompile Include="..\code\statemachine.cpp">
      <Filter>Source Files</Filter>
    </ClCompile>
    <ClCompile Include="..\code\task_mgr.cpp">
      <Filter>Source Files</Filter>
    </ClCompile>
    <ClCompile Include="..\code\timeloc.cpp">
      <Filter>Source Files</Filter>
    </ClCompile>
    <ClCompile Include="..\code\waiting_wnd.cpp">
      <Filter>Source Files</Filter>
    </ClCompile>
    <ClCompile Include="..\code\image_resources.cpp">
      <Filter>Source Files</Filter>
    </ClCompile>
  </ItemGroup>
  <ItemGroup>
    <ClInclude Include="..\code\activity_monitor.h">
      <Filter>Source Files</Filter>
    </ClInclude>
    <ClInclude Include="..\code\beforepause_wnd.h">
      <Filter>Source Files</Filter>
    </ClInclude>
    <ClInclude Include="..\code\bigpause_wnd.h">
      <Filter>Source Files</Filter>
    </ClInclude>
    <ClInclude Include="..\code\DataLog.h">
      <Filter>Source Files</Filter>
    </ClInclude>
    <ClInclude Include="..\code\debug_wnd.h">
      <Filter>Source Files</Filter>
    </ClInclude>
    <ClInclude Include="..\code\excercises.h">
      <Filter>Source Files</Filter>
    </ClInclude>
    <ClInclude Include="..\code\IWindow.h">
      <Filter>Source Files</Filter>
    </ClInclude>
    <ClInclude Include="..\code\language_set.h">
      <Filter>Source Files</Filter>
    </ClInclude>
    <ClInclude Include="..\code\main.h">
      <Filter>Source Files</Filter>
    </ClInclude>
    <ClInclude Include="..\code\minipause_wnd.h">
      <Filter>Source Files</Filter>
    </ClInclude>
    <ClInclude Include="..\code\notification_wnd.h">
      <Filter>Source Files</Filter>
    </ClInclude>
    <ClInclude Include="..\code\oscapabilities.h">
      <Filter>Source Files</Filter>
    </ClInclude>
    <ClInclude Include="..\code\settings.h">
      <Filter>Source Files</Filter>
    </ClInclude>
    <ClInclude Include="..\code\settings_wnd.h">
      <Filter>Source Files</Filter>
    </ClInclude>
    <ClInclude Include="..\code\statemachine.h">
      <Filter>Source Files</Filter>
    </ClInclude>
    <ClInclude Include="..\code\task_mgr.h">
      <Filter>Source Files</Filter>
    </ClInclude>
    <ClInclude Include="..\code\timeloc.h">
      <Filter>Source Files</Filter>
    </ClInclude>
    <ClInclude Include="..\code\waiting_wnd.h">
      <Filter>Source Files</Filter>
    </ClInclude>
    <ClInclude Include="..\code\image_resources.h">
      <Filter>Source Files</Filter>
    </ClInclude>
  </ItemGroup>
  <ItemGroup>
    <Image Include="..\resource\icon.ico">
      <Filter>Resource Files</Filter>
    </Image>
  </ItemGroup>
  <ItemGroup>
    <None Include="..\resource\resources.aps">
      <Filter>Resource Files</Filter>
    </None>
  </ItemGroup>
</Project>